
Microsoft Visual Studio Solution File, Format Version 12.00
# Visual Studio Version 17
VisualStudioVersion = 17.14.36408.4 d17.14
MinimumVisualStudioVersion = 10.0.40219.1
Project("{8BC9CEB8-8B4A-11D0-8D11-00A0C91BC942}") = "addd3", "addd3\addd3.vcxproj", "{F18338B4-6E27-4307-8E63-49BBBB405D94}"
EndProject
Global
	GlobalSection(SolutionConfigurationPlatforms) = preSolution
		Debug|x64 = Debug|x64
		Debug|x86 = Debug|x86
		Release|x64 = Release|x64
		Release|x86 = Release|x86
	EndGlobalSection
	GlobalSection(ProjectConfigurationPlatforms) = postSolution
		{F18338B4-6E27-4307-8E63-49BBBB405D94}.Debug|x64.ActiveCfg = Debug|x64
		{F18338B4-6E27-4307-8E63-49BBBB405D94}.Debug|x64.Build.0 = Debug|x64
		{F18338B4-6E27-4307-8E63-49BBBB405D94}.Debug|x86.ActiveCfg = Debug|Win32
		{F18338B4-6E27-4307-8E63-49BBBB405D94}.Debug|x86.Build.0 = Debug|Win32
		{F18338B4-6E27-4307-8E63-49BBBB405D94}.Release|x64.ActiveCfg = Release|x64
		{F18338B4-6E27-4307-8E63-49BBBB405D94}.Release|x64.Build.0 = Release|x64
		{F18338B4-6E27-4307-8E63-49BBBB405D94}.Release|x86.ActiveCfg = Release|Win32
		{F18338B4-6E27-4307-8E63-49BBBB405D94}.Release|x86.Build.0 = Release|Win32
	EndGlobalSection
	GlobalSection(SolutionProperties) = preSolution
		HideSolutionNode = FALSE
	EndGlobalSection
	GlobalSection(ExtensibilityGlobals) = postSolution
		SolutionGuid = {4E463E8E-98CA-457F-8865-84155BDAF446}
	EndGlobalSection
EndGlobal
